# This file is automatically @generated by Cargo.
# It is not intended for manual editing.
version = 3

[[package]]
name = "dotenvy"
version = "0.15.7"
source = "registry+https://github.com/rust-lang/crates.io-index"
checksum = "1aaf95b3e5c8f23aa320147307562d361db0ae0d51242340f558153b4eb2439b"

[[package]]
name = "server"
version = "0.1.0"
dependencies = [
 "dotenvy",
]
